
Microsoft Visual Studio Solution File, Format Version 12.00
# Visual Studio Version 16
VisualStudioVersion = 16.0.31515.178
MinimumVisualStudioVersion = 10.0.40219.1
Project("{FAE04EC0-301F-11D3-BF4B-00C04F79EFBC}") = "SerialWombatChipFinder", "SerialWombatChipFinder\SerialWombatChipFinder.csproj", "{23F95E8E-DE17-4996-B19A-BBDDA5FFF4C2}"
EndProject
Project("{9A19103F-16F7-4668-BE54-9A1E7A4F7556}") = "SerialWombatClassLibrary", "..\..\SerialWombatClassLibrary\SerialWombatClassLibrary\SerialWombatClassLibrary.csproj", "{CF42B897-AF62-4B53-AB6B-12D03A6B6E41}"
EndProject
Global
	GlobalSection(SolutionConfigurationPlatforms) = preSolution
		Debug|Any CPU = Debug|Any CPU
		Release|Any CPU = Release|Any CPU
	EndGlobalSection
	GlobalSection(ProjectConfigurationPlatforms) = postSolution
		{23F95E8E-DE17-4996-B19A-BBDDA5FFF4C2}.Debug|Any CPU.ActiveCfg = Debug|Any CPU
		{23F95E8E-DE17-4996-B19A-BBDDA5FFF4C2}.Debug|Any CPU.Build.0 = Debug|Any CPU
		{23F95E8E-DE17-4996-B19A-BBDDA5FFF4C2}.Release|Any CPU.ActiveCfg = Release|Any CPU
		{23F95E8E-DE17-4996-B19A-BBDDA5FFF4C2}.Release|Any CPU.Build.0 = Release|Any CPU
		{CF42B897-AF62-4B53-AB6B-12D03A6B6E41}.Debug|Any CPU.ActiveCfg = Debug|Any CPU
		{CF42B897-AF62-4B53-AB6B-12D03A6B6E41}.Debug|Any CPU.Build.0 = Debug|Any CPU
		{CF42B897-AF62-4B53-AB6B-12D03A6B6E41}.Release|Any CPU.ActiveCfg = Release|Any CPU
		{CF42B897-AF62-4B53-AB6B-12D03A6B6E41}.Release|Any CPU.Build.0 = Release|Any CPU
	EndGlobalSection
	GlobalSection(SolutionProperties) = preSolution
		HideSolutionNode = FALSE
	EndGlobalSection
	GlobalSection(ExtensibilityGlobals) = postSolution
		SolutionGuid = {B8DA7711-EFDD-4EF6-87B1-36F5B9204793}
	EndGlobalSection
EndGlobal
