
Microsoft Visual Studio Solution File, Format Version 12.00
# Visual Studio Version 16
VisualStudioVersion = 16.0.31515.178
MinimumVisualStudioVersion = 10.0.40219.1
Project("{9A19103F-16F7-4668-BE54-9A1E7A4F7556}") = "SerialWombatClassLibrary", "..\SerialWombatClassLibrary\SerialWombatClassLibrary\SerialWombatClassLibrary.csproj", "{6B761422-1D03-4980-B977-9CF12F568403}"
EndProject
Project("{9A19103F-16F7-4668-BE54-9A1E7A4F7556}") = "SerialWombatChipFinder", "SerialWombatChipFinder\SerialWombatChipFinder.csproj", "{3DE51F52-3F77-4D13-B461-4A66464F3D6D}"
EndProject
Project("{2150E333-8FDC-42A3-9474-1A3956D46DE8}") = "SW18AB", "SW18AB", "{48CA9A26-CC7C-4603-98DC-029C6D43595E}"
EndProject
Project("{2150E333-8FDC-42A3-9474-1A3956D46DE8}") = "SW_18AB_TM1637", "SW_18AB_TM1637", "{D792615F-A783-4236-8581-FA504DE9244D}"
EndProject
Project("{9A19103F-16F7-4668-BE54-9A1E7A4F7556}") = "SW_Cs_TM1637_012345", "SW_Cs_TM1637_012345\SW_Cs_TM1637_012345.csproj", "{5DACE641-2F07-48C0-A49E-E36AD857E3A2}"
EndProject
Project("{9A19103F-16F7-4668-BE54-9A1E7A4F7556}") = "SW_Cs_TM1637_Animation", "SW_Cs_TM1637_Animation\SW_Cs_TM1637_Animation.csproj", "{7586AA8F-4DD6-47F2-8380-2CE33774237B}"
EndProject
Project("{9A19103F-16F7-4668-BE54-9A1E7A4F7556}") = "SW_Cs_TM1637_Decimals", "SW_Cs_TM1637_Decimals\SW_Cs_TM1637_Decimals.csproj", "{7802B976-3058-4A48-B098-8FBE1BBCD62E}"
EndProject
Project("{9A19103F-16F7-4668-BE54-9A1E7A4F7556}") = "SW_Cs_TM1637_FlashUI", "SW_Cs_TM1637_FlashUI\SW_Cs_TM1637_FlashUI.csproj", "{8462A28A-A606-420C-950C-4565C2AF0854}"
EndProject
Project("{9A19103F-16F7-4668-BE54-9A1E7A4F7556}") = "SW_Cs_TM1637_PublicData", "SW_Cs_TM1637_PublicData\SW_Cs_TM1637_PublicData.csproj", "{C6781CB4-4439-4735-B62B-6ABF5B4AD818}"
EndProject
Project("{2150E333-8FDC-42A3-9474-1A3956D46DE8}") = "SW_18AB_LiquidCrystal", "SW_18AB_LiquidCrystal", "{E716439D-C409-466A-8131-EAC8D1924863}"
EndProject
Project("{9A19103F-16F7-4668-BE54-9A1E7A4F7556}") = "SW18AB_Cs_LQ_Ex01_Test", "SW18AB_Cs_LQ_Ex01_Test\SW18AB_Cs_LQ_Ex01_Test.csproj", "{3B4BB132-D097-46E8-9A40-3640EC127102}"
EndProject
Project("{9A19103F-16F7-4668-BE54-9A1E7A4F7556}") = "SW18AB_Cs_LQ_Ex02_20x4", "SW18AB_Cs_LQ_Ex02_20x4\SW18AB_Cs_LQ_Ex02_20x4.csproj", "{500ECCB5-0889-4C6E-8AEA-7121EEAA2EF5}"
EndProject
Project("{9A19103F-16F7-4668-BE54-9A1E7A4F7556}") = "SW18AB_Cs_LQ_Ex03_40x4", "SW18AB_Cs_LQ_Ex03_40x4\SW18AB_Cs_LQ_Ex03_40x4.csproj", "{D6940688-08C1-4353-8C3D-6C3058E60173}"
EndProject
Project("{2150E333-8FDC-42A3-9474-1A3956D46DE8}") = "SW_18AB_AnalogInput", "SW_18AB_AnalogInput", "{2B5A951E-EF4D-4F52-B159-E8DF68911C94}"
EndProject
Project("{9A19103F-16F7-4668-BE54-9A1E7A4F7556}") = "SW18AB_Cs_Ex01_AnalogInput", "SW18AB_Cs_Ex01_AnalogInput\SW18AB_Cs_Ex01_AnalogInput.csproj", "{DCDC108C-F484-4D48-9FA7-9AE2BDA06AFA}"
EndProject
Project("{2150E333-8FDC-42A3-9474-1A3956D46DE8}") = "SW_18AB_MatrixKeypad", "SW_18AB_MatrixKeypad", "{9F2C1041-C7EA-4CAB-9514-C22C364369BA}"
EndProject
Project("{FAE04EC0-301F-11D3-BF4B-00C04F79EFBC}") = "SW18AB_Cs_MatrixKeypad_Ex01_simple", "SW18AB_Cs_MatrixKeypad_Ex01_simple\SW18AB_Cs_MatrixKeypad_Ex01_simple.csproj", "{1C352877-738F-4777-8195-DEAB4F548BA6}"
EndProject
Project("{FAE04EC0-301F-11D3-BF4B-00C04F79EFBC}") = "SW18AB_Cs_MatrixKeypad_Ex02_queueMask", "SW18AB_Cs_MatrixKeypad_Ex02_queueMask\SW18AB_Cs_MatrixKeypad_Ex02_queueMask.csproj", "{9A37E6AA-ADE2-498B-9F95-E3E0A476220D}"
EndProject
Project("{FAE04EC0-301F-11D3-BF4B-00C04F79EFBC}") = "SW18AB_Cs_MatrixKeypad_Ex03_buttons", "SW18AB_Cs_MatrixKeypad_Ex03_buttons\SW18AB_Cs_MatrixKeypad_Ex03_buttons.csproj", "{84DBBCC2-090D-410A-9DBC-5D49A7D04385}"
EndProject
Project("{FAE04EC0-301F-11D3-BF4B-00C04F79EFBC}") = "SW18AB_Cs_MatrixKeypad_Ex04_queueTM1637", "SW18AB_Cs_MatrixKeypad_Ex04_queueTM1637\SW18AB_Cs_MatrixKeypad_Ex04_queueTM1637.csproj", "{8F3C4DD4-298A-4490-BBBC-D85E5FFB4BD3}"
EndProject
Project("{FAE04EC0-301F-11D3-BF4B-00C04F79EFBC}") = "SW18AB_Cs_FirmwareUpdate_UART", "SW18AB_Cs_FirmwareUpdate_UART\SW18AB_Cs_FirmwareUpdate_UART.csproj", "{8EB4A498-33CD-4389-ACC6-41C4ECD493B0}"
EndProject
Global
	GlobalSection(SolutionConfigurationPlatforms) = preSolution
		Debug|Any CPU = Debug|Any CPU
		Release|Any CPU = Release|Any CPU
	EndGlobalSection
	GlobalSection(ProjectConfigurationPlatforms) = postSolution
		{6B761422-1D03-4980-B977-9CF12F568403}.Debug|Any CPU.ActiveCfg = Debug|Any CPU
		{6B761422-1D03-4980-B977-9CF12F568403}.Debug|Any CPU.Build.0 = Debug|Any CPU
		{6B761422-1D03-4980-B977-9CF12F568403}.Release|Any CPU.ActiveCfg = Release|Any CPU
		{6B761422-1D03-4980-B977-9CF12F568403}.Release|Any CPU.Build.0 = Release|Any CPU
		{3DE51F52-3F77-4D13-B461-4A66464F3D6D}.Debug|Any CPU.ActiveCfg = Debug|Any CPU
		{3DE51F52-3F77-4D13-B461-4A66464F3D6D}.Debug|Any CPU.Build.0 = Debug|Any CPU
		{3DE51F52-3F77-4D13-B461-4A66464F3D6D}.Release|Any CPU.ActiveCfg = Release|Any CPU
		{3DE51F52-3F77-4D13-B461-4A66464F3D6D}.Release|Any CPU.Build.0 = Release|Any CPU
		{5DACE641-2F07-48C0-A49E-E36AD857E3A2}.Debug|Any CPU.ActiveCfg = Debug|Any CPU
		{5DACE641-2F07-48C0-A49E-E36AD857E3A2}.Debug|Any CPU.Build.0 = Debug|Any CPU
		{5DACE641-2F07-48C0-A49E-E36AD857E3A2}.Release|Any CPU.ActiveCfg = Release|Any CPU
		{5DACE641-2F07-48C0-A49E-E36AD857E3A2}.Release|Any CPU.Build.0 = Release|Any CPU
		{7586AA8F-4DD6-47F2-8380-2CE33774237B}.Debug|Any CPU.ActiveCfg = Debug|Any CPU
		{7586AA8F-4DD6-47F2-8380-2CE33774237B}.Debug|Any CPU.Build.0 = Debug|Any CPU
		{7586AA8F-4DD6-47F2-8380-2CE33774237B}.Release|Any CPU.ActiveCfg = Release|Any CPU
		{7586AA8F-4DD6-47F2-8380-2CE33774237B}.Release|Any CPU.Build.0 = Release|Any CPU
		{7802B976-3058-4A48-B098-8FBE1BBCD62E}.Debug|Any CPU.ActiveCfg = Debug|Any CPU
		{7802B976-3058-4A48-B098-8FBE1BBCD62E}.Debug|Any CPU.Build.0 = Debug|Any CPU
		{7802B976-3058-4A48-B098-8FBE1BBCD62E}.Release|Any CPU.ActiveCfg = Release|Any CPU
		{7802B976-3058-4A48-B098-8FBE1BBCD62E}.Release|Any CPU.Build.0 = Release|Any CPU
		{8462A28A-A606-420C-950C-4565C2AF0854}.Debug|Any CPU.ActiveCfg = Debug|Any CPU
		{8462A28A-A606-420C-950C-4565C2AF0854}.Debug|Any CPU.Build.0 = Debug|Any CPU
		{8462A28A-A606-420C-950C-4565C2AF0854}.Release|Any CPU.ActiveCfg = Release|Any CPU
		{8462A28A-A606-420C-950C-4565C2AF0854}.Release|Any CPU.Build.0 = Release|Any CPU
		{C6781CB4-4439-4735-B62B-6ABF5B4AD818}.Debug|Any CPU.ActiveCfg = Debug|Any CPU
		{C6781CB4-4439-4735-B62B-6ABF5B4AD818}.Debug|Any CPU.Build.0 = Debug|Any CPU
		{C6781CB4-4439-4735-B62B-6ABF5B4AD818}.Release|Any CPU.ActiveCfg = Release|Any CPU
		{C6781CB4-4439-4735-B62B-6ABF5B4AD818}.Release|Any CPU.Build.0 = Release|Any CPU
		{3B4BB132-D097-46E8-9A40-3640EC127102}.Debug|Any CPU.ActiveCfg = Debug|Any CPU
		{3B4BB132-D097-46E8-9A40-3640EC127102}.Debug|Any CPU.Build.0 = Debug|Any CPU
		{3B4BB132-D097-46E8-9A40-3640EC127102}.Release|Any CPU.ActiveCfg = Release|Any CPU
		{3B4BB132-D097-46E8-9A40-3640EC127102}.Release|Any CPU.Build.0 = Release|Any CPU
		{500ECCB5-0889-4C6E-8AEA-7121EEAA2EF5}.Debug|Any CPU.ActiveCfg = Debug|Any CPU
		{500ECCB5-0889-4C6E-8AEA-7121EEAA2EF5}.Debug|Any CPU.Build.0 = Debug|Any CPU
		{500ECCB5-0889-4C6E-8AEA-7121EEAA2EF5}.Release|Any CPU.ActiveCfg = Release|Any CPU
		{500ECCB5-0889-4C6E-8AEA-7121EEAA2EF5}.Release|Any CPU.Build.0 = Release|Any CPU
		{D6940688-08C1-4353-8C3D-6C3058E60173}.Debug|Any CPU.ActiveCfg = Debug|Any CPU
		{D6940688-08C1-4353-8C3D-6C3058E60173}.Debug|Any CPU.Build.0 = Debug|Any CPU
		{D6940688-08C1-4353-8C3D-6C3058E60173}.Release|Any CPU.ActiveCfg = Release|Any CPU
		{D6940688-08C1-4353-8C3D-6C3058E60173}.Release|Any CPU.Build.0 = Release|Any CPU
		{DCDC108C-F484-4D48-9FA7-9AE2BDA06AFA}.Debug|Any CPU.ActiveCfg = Debug|Any CPU
		{DCDC108C-F484-4D48-9FA7-9AE2BDA06AFA}.Debug|Any CPU.Build.0 = Debug|Any CPU
		{DCDC108C-F484-4D48-9FA7-9AE2BDA06AFA}.Release|Any CPU.ActiveCfg = Release|Any CPU
		{DCDC108C-F484-4D48-9FA7-9AE2BDA06AFA}.Release|Any CPU.Build.0 = Release|Any CPU
		{1C352877-738F-4777-8195-DEAB4F548BA6}.Debug|Any CPU.ActiveCfg = Debug|Any CPU
		{1C352877-738F-4777-8195-DEAB4F548BA6}.Debug|Any CPU.Build.0 = Debug|Any CPU
		{1C352877-738F-4777-8195-DEAB4F548BA6}.Release|Any CPU.ActiveCfg = Release|Any CPU
		{1C352877-738F-4777-8195-DEAB4F548BA6}.Release|Any CPU.Build.0 = Release|Any CPU
		{9A37E6AA-ADE2-498B-9F95-E3E0A476220D}.Debug|Any CPU.ActiveCfg = Debug|Any CPU
		{9A37E6AA-ADE2-498B-9F95-E3E0A476220D}.Debug|Any CPU.Build.0 = Debug|Any CPU
		{9A37E6AA-ADE2-498B-9F95-E3E0A476220D}.Release|Any CPU.ActiveCfg = Release|Any CPU
		{9A37E6AA-ADE2-498B-9F95-E3E0A476220D}.Release|Any CPU.Build.0 = Release|Any CPU
		{84DBBCC2-090D-410A-9DBC-5D49A7D04385}.Debug|Any CPU.ActiveCfg = Debug|Any CPU
		{84DBBCC2-090D-410A-9DBC-5D49A7D04385}.Debug|Any CPU.Build.0 = Debug|Any CPU
		{84DBBCC2-090D-410A-9DBC-5D49A7D04385}.Release|Any CPU.ActiveCfg = Release|Any CPU
		{84DBBCC2-090D-410A-9DBC-5D49A7D04385}.Release|Any CPU.Build.0 = Release|Any CPU
		{8F3C4DD4-298A-4490-BBBC-D85E5FFB4BD3}.Debug|Any CPU.ActiveCfg = Debug|Any CPU
		{8F3C4DD4-298A-4490-BBBC-D85E5FFB4BD3}.Debug|Any CPU.Build.0 = Debug|Any CPU
		{8F3C4DD4-298A-4490-BBBC-D85E5FFB4BD3}.Release|Any CPU.ActiveCfg = Release|Any CPU
		{8F3C4DD4-298A-4490-BBBC-D85E5FFB4BD3}.Release|Any CPU.Build.0 = Release|Any CPU
		{8EB4A498-33CD-4389-ACC6-41C4ECD493B0}.Debug|Any CPU.ActiveCfg = Debug|Any CPU
		{8EB4A498-33CD-4389-ACC6-41C4ECD493B0}.Debug|Any CPU.Build.0 = Debug|Any CPU
		{8EB4A498-33CD-4389-ACC6-41C4ECD493B0}.Release|Any CPU.ActiveCfg = Release|Any CPU
		{8EB4A498-33CD-4389-ACC6-41C4ECD493B0}.Release|Any CPU.Build.0 = Release|Any CPU
	EndGlobalSection
	GlobalSection(SolutionProperties) = preSolution
		HideSolutionNode = FALSE
	EndGlobalSection
	GlobalSection(NestedProjects) = preSolution
		{D792615F-A783-4236-8581-FA504DE9244D} = {48CA9A26-CC7C-4603-98DC-029C6D43595E}
		{5DACE641-2F07-48C0-A49E-E36AD857E3A2} = {D792615F-A783-4236-8581-FA504DE9244D}
		{7586AA8F-4DD6-47F2-8380-2CE33774237B} = {D792615F-A783-4236-8581-FA504DE9244D}
		{7802B976-3058-4A48-B098-8FBE1BBCD62E} = {D792615F-A783-4236-8581-FA504DE9244D}
		{8462A28A-A606-420C-950C-4565C2AF0854} = {D792615F-A783-4236-8581-FA504DE9244D}
		{C6781CB4-4439-4735-B62B-6ABF5B4AD818} = {D792615F-A783-4236-8581-FA504DE9244D}
		{E716439D-C409-466A-8131-EAC8D1924863} = {48CA9A26-CC7C-4603-98DC-029C6D43595E}
		{3B4BB132-D097-46E8-9A40-3640EC127102} = {E716439D-C409-466A-8131-EAC8D1924863}
		{500ECCB5-0889-4C6E-8AEA-7121EEAA2EF5} = {E716439D-C409-466A-8131-EAC8D1924863}
		{D6940688-08C1-4353-8C3D-6C3058E60173} = {E716439D-C409-466A-8131-EAC8D1924863}
		{2B5A951E-EF4D-4F52-B159-E8DF68911C94} = {48CA9A26-CC7C-4603-98DC-029C6D43595E}
		{DCDC108C-F484-4D48-9FA7-9AE2BDA06AFA} = {2B5A951E-EF4D-4F52-B159-E8DF68911C94}
		{9F2C1041-C7EA-4CAB-9514-C22C364369BA} = {48CA9A26-CC7C-4603-98DC-029C6D43595E}
		{1C352877-738F-4777-8195-DEAB4F548BA6} = {9F2C1041-C7EA-4CAB-9514-C22C364369BA}
		{9A37E6AA-ADE2-498B-9F95-E3E0A476220D} = {9F2C1041-C7EA-4CAB-9514-C22C364369BA}
		{84DBBCC2-090D-410A-9DBC-5D49A7D04385} = {9F2C1041-C7EA-4CAB-9514-C22C364369BA}
		{8F3C4DD4-298A-4490-BBBC-D85E5FFB4BD3} = {9F2C1041-C7EA-4CAB-9514-C22C364369BA}
		{8EB4A498-33CD-4389-ACC6-41C4ECD493B0} = {48CA9A26-CC7C-4603-98DC-029C6D43595E}
	EndGlobalSection
	GlobalSection(ExtensibilityGlobals) = postSolution
		SolutionGuid = {021622F0-FA20-4A05-A6D6-BAEE90B37DC5}
	EndGlobalSection
EndGlobal
